
Microsoft Visual Studio Solution File, Format Version 12.00
# Visual Studio Version 17
VisualStudioVersion = 17.0.31606.5
MinimumVisualStudioVersion = 10.0.40219.1
Project("{9A19103F-16F7-4668-BE54-9A1E7A4F7556}") = "PdfPreviewShellExtensionCore", "PdfPreviewShellExtensionCore\PdfPreviewShellExtensionCore.csproj", "{EBB07DF3-AA04-40C4-8A13-4B79D01F5AD9}"
EndProject
Project("{9A19103F-16F7-4668-BE54-9A1E7A4F7556}") = "PdfPreviewShellExtensionWinformsCore", "PdfPreviewShellExtensionWinformsCore\PdfPreviewShellExtensionWinformsCore.csproj", "{4EEB12AE-E08D-48C3-B142-6DE72D045AF8}"
EndProject
Project("{FAE04EC0-301F-11D3-BF4B-00C04F79EFBC}") = "PdfPreviewShellExtensionLib", "PdfPreviewShellExtensionLib\PdfPreviewShellExtensionLib.csproj", "{9B780F26-2B13-4C9E-B843-1D3DCE5858C2}"
EndProject
Global
	GlobalSection(SolutionConfigurationPlatforms) = preSolution
		Debug|Any CPU = Debug|Any CPU
		Release|Any CPU = Release|Any CPU
	EndGlobalSection
	GlobalSection(ProjectConfigurationPlatforms) = postSolution
		{EBB07DF3-AA04-40C4-8A13-4B79D01F5AD9}.Debug|Any CPU.ActiveCfg = Debug|Any CPU
		{EBB07DF3-AA04-40C4-8A13-4B79D01F5AD9}.Debug|Any CPU.Build.0 = Debug|Any CPU
		{EBB07DF3-AA04-40C4-8A13-4B79D01F5AD9}.Release|Any CPU.ActiveCfg = Release|Any CPU
		{EBB07DF3-AA04-40C4-8A13-4B79D01F5AD9}.Release|Any CPU.Build.0 = Release|Any CPU
		{4EEB12AE-E08D-48C3-B142-6DE72D045AF8}.Debug|Any CPU.ActiveCfg = Debug|Any CPU
		{4EEB12AE-E08D-48C3-B142-6DE72D045AF8}.Debug|Any CPU.Build.0 = Debug|Any CPU
		{4EEB12AE-E08D-48C3-B142-6DE72D045AF8}.Release|Any CPU.ActiveCfg = Release|Any CPU
		{4EEB12AE-E08D-48C3-B142-6DE72D045AF8}.Release|Any CPU.Build.0 = Release|Any CPU
		{9B780F26-2B13-4C9E-B843-1D3DCE5858C2}.Debug|Any CPU.ActiveCfg = Debug|Any CPU
		{9B780F26-2B13-4C9E-B843-1D3DCE5858C2}.Debug|Any CPU.Build.0 = Debug|Any CPU
		{9B780F26-2B13-4C9E-B843-1D3DCE5858C2}.Release|Any CPU.ActiveCfg = Release|Any CPU
		{9B780F26-2B13-4C9E-B843-1D3DCE5858C2}.Release|Any CPU.Build.0 = Release|Any CPU
	EndGlobalSection
	GlobalSection(SolutionProperties) = preSolution
		HideSolutionNode = FALSE
	EndGlobalSection
	GlobalSection(ExtensibilityGlobals) = postSolution
		SolutionGuid = {61FDAFF6-F3BC-4141-ABCB-C22392FF3E31}
	EndGlobalSection
EndGlobal
